
Microsoft Visual Studio Solution File, Format Version 12.00
# Visual Studio 15
VisualStudioVersion = 15.0.28307.779
MinimumVisualStudioVersion = 10.0.40219.1
Project("{FAE04EC0-301F-11D3-BF4B-00C04F79EFBC}") = "Blackjack", "Blackjack\Blackjack.csproj", "{8B73C87B-ED47-4D0F-AA9E-F8CAE1F02733}"
EndProject
Global
	GlobalSection(SolutionConfigurationPlatforms) = preSolution
		Debug|Any CPU = Debug|Any CPU
		Release|Any CPU = Release|Any CPU
	EndGlobalSection
	GlobalSection(ProjectConfigurationPlatforms) = postSolution
		{8B73C87B-ED47-4D0F-AA9E-F8CAE1F02733}.Debug|Any CPU.ActiveCfg = Debug|Any CPU
		{8B73C87B-ED47-4D0F-AA9E-F8CAE1F02733}.Debug|Any CPU.Build.0 = Debug|Any CPU
		{8B73C87B-ED47-4D0F-AA9E-F8CAE1F02733}.Release|Any CPU.ActiveCfg = Release|Any CPU
		{8B73C87B-ED47-4D0F-AA9E-F8CAE1F02733}.Release|Any CPU.Build.0 = Release|Any CPU
	EndGlobalSection
	GlobalSection(SolutionProperties) = preSolution
		HideSolutionNode = FALSE
	EndGlobalSection
	GlobalSection(ExtensibilityGlobals) = postSolution
		SolutionGuid = {E0CD37FE-625E-459D-8BC9-71B76794E91C}
	EndGlobalSection
EndGlobal
